PODS:
  - Alamofire (5.4.3)
  - youtube-ios-player-helper (1.0.3)

DEPENDENCIES:
  - Alamofire
  - youtube-ios-player-helper

SPEC REPOS:
  trunk:
    - Alamofire
    - youtube-ios-player-helper

SPEC CHECKSUMS:
  Alamofire: e447a2774a40c996748296fa2c55112fdbbc42f9
  youtube-ios-player-helper: 0185c57db23c80d63d6ca11251d110abb8a4ca61

PODFILE CHECKSUM: 8fe5e23c2c031b5170b223888429945199355ecd

COCOAPODS: 1.10.1
